// !$*UTF8*$!
{
	archiveVersion = 1;
	classes = {
	};
	objectVersion = 50;
	objects = {

/* Begin PBXBuildFile section */
		A406946B21DCE6F70023BCDB /* WatchSettings.swift in Sources */ = {isa = PBXBuildFile; fileRef = A48A8B1621DBE50B00B608B5 /* WatchSettings.swift */; };
		A406946C21DCE6F90023BCDB /* WatchSettingsManager.swift in Sources */ = {isa = PBXBuildFile; fileRef = A48A8B1821DBE57500B608B5 /* WatchSettingsManager.swift */; };
		A406947021DCF6D60023BCDB /* Assets.xcassets in Resources */ = {isa = PBXBuildFile; fileRef = A45FFC8821D4DA8D003AE435 /* Assets.xcassets */; };
		A45FFC5E21D4DA67003AE435 /* AppDelegate.swift in Sources */ = {isa = PBXBuildFile; fileRef = A45FFC5D21D4DA67003AE435 /* AppDelegate.swift */; };
		A45FFC6021D4DA67003AE435 /* ViewController.swift in Sources */ = {isa = PBXBuildFile; fileRef = A45FFC5F21D4DA67003AE435 /* ViewController.swift */; };
		A45FFC6321D4DA67003AE435 /* Main.storyboard in Resources */ = {isa = PBXBuildFile; fileRef = A45FFC6121D4DA67003AE435 /* Main.storyboard */; };
		A45FFC6521D4DA69003AE435 /* Assets.xcassets in Resources */ = {isa = PBXBuildFile; fileRef = A45FFC6421D4DA69003AE435 /* Assets.xcassets */; };
		A45FFC6821D4DA69003AE435 /* LaunchScreen.storyboard in Resources */ = {isa = PBXBuildFile; fileRef = A45FFC6621D4DA69003AE435 /* LaunchScreen.storyboard */; };
		A45FFC7521D4DA8C003AE435 /* Interface.storyboard in Resources */ = {isa = PBXBuildFile; fileRef = A45FFC7321D4DA8C003AE435 /* Interface.storyboard */; };
		A45FFC7721D4DA8C003AE435 /* Assets.xcassets in Resources */ = {isa = PBXBuildFile; fileRef = A45FFC7621D4DA8C003AE435 /* Assets.xcassets */; };
		A45FFC7E21D4DA8D003AE435 /* WatchFace Extension.appex in Embed App Extensions */ = {isa = PBXBuildFile; fileRef = A45FFC7D21D4DA8C003AE435 /* WatchFace Extension.appex */; settings = {ATTRIBUTES = (RemoveHeadersOnCopy, ); }; };
		A45FFC8321D4DA8D003AE435 /* InterfaceController.swift in Sources */ = {isa = PBXBuildFile; fileRef = A45FFC8221D4DA8D003AE435 /* InterfaceController.swift */; };
		A45FFC8721D4DA8D003AE435 /* ExtensionDelegate.swift in Sources */ = {isa = PBXBuildFile; fileRef = A45FFC8621D4DA8D003AE435 /* ExtensionDelegate.swift */; };
		A45FFC8921D4DA8D003AE435 /* Assets.xcassets in Resources */ = {isa = PBXBuildFile; fileRef = A45FFC8821D4DA8D003AE435 /* Assets.xcassets */; };
		A45FFC8D21D4DA8D003AE435 /* WatchFace.app in Embed Watch Content */ = {isa = PBXBuildFile; fileRef = A45FFC7121D4DA8C003AE435 /* WatchFace.app */; };
		A45FFC9721D4DB3D003AE435 /* WatchScene.sks in Resources */ = {isa = PBXBuildFile; fileRef = A45FFC9621D4DB3D003AE435 /* WatchScene.sks */; };
		A45FFC9921D4DB4B003AE435 /* WatchScene.swift in Sources */ = {isa = PBXBuildFile; fileRef = A45FFC9821D4DB4B003AE435 /* WatchScene.swift */; };
		A48A8B1721DBE50B00B608B5 /* WatchSettings.swift in Sources */ = {isa = PBXBuildFile; fileRef = A48A8B1621DBE50B00B608B5 /* WatchSettings.swift */; };
		A48A8B1921DBE57500B608B5 /* WatchSettingsManager.swift in Sources */ = {isa = PBXBuildFile; fileRef = A48A8B1821DBE57500B608B5 /* WatchSettingsManager.swift */; };
/* End PBXBuildFile section */

/* Begin PBXContainerItemProxy section */
		A45FFC7F21D4DA8D003AE435 /* PBXContainerItemProxy */ = {
			isa = PBXContainerItemProxy;
			containerPortal = A45FFC5221D4DA67003AE435 /* Project object */;
			proxyType = 1;
			remoteGlobalIDString = A45FFC7C21D4DA8C003AE435;
			remoteInfo = "WatchFace Extension";
		};
		A45FFC8B21D4DA8D003AE435 /* PBXContainerItemProxy */ = {
			isa = PBXContainerItemProxy;
			containerPortal = A45FFC5221D4DA67003AE435 /* Project object */;
			proxyType = 1;
			remoteGlobalIDString = A45FFC7021D4DA8C003AE435;
			remoteInfo = WatchFace;
		};
/* End PBXContainerItemProxy section */

/* Begin PBXCopyFilesBuildPhase section */
		A45FFC9121D4DA8D003AE435 /* Embed App Extensions */ = {
			isa = PBXCopyFilesBuildPhase;
			buildActionMask = 2147483647;
			dstPath = "";
			dstSubfolderSpec = 13;
			files = (
				A45FFC7E21D4DA8D003AE435 /* WatchFace Extension.appex in Embed App Extensions */,
			);
			name = "Embed App Extensions";
			runOnlyForDeploymentPostprocessing = 0;
		};
		A45FFC9521D4DA8D003AE435 /* Embed Watch Content */ = {
			isa = PBXCopyFilesBuildPhase;
			buildActionMask = 2147483647;
			dstPath = "$(CONTENTS_FOLDER_PATH)/Watch";
			dstSubfolderSpec = 16;
			files = (
				A45FFC8D21D4DA8D003AE435 /* WatchFace.app in Embed Watch Content */,
			);
			name = "Embed Watch Content";
			runOnlyForDeploymentPostprocessing = 0;
		};
/* End PBXCopyFilesBuildPhase section */

/* Begin PBXFileReference section */
		A45FFC5A21D4DA67003AE435 /* AutoWatchFaces.app */ = {isa = PBXFileReference; explicitFileType = wrapper.application; includeInIndex = 0; path = AutoWatchFaces.app; sourceTree = BUILT_PRODUCTS_DIR; };
		A45FFC5D21D4DA67003AE435 /* AppDelegate.swift */ = {isa = PBXFileReference; lastKnownFileType = sourcecode.swift; path = AppDelegate.swift; sourceTree = "<group>"; };
		A45FFC5F21D4DA67003AE435 /* ViewController.swift */ = {isa = PBXFileReference; lastKnownFileType = sourcecode.swift; path = ViewController.swift; sourceTree = "<group>"; };
		A45FFC6221D4DA67003AE435 /* Base */ = {isa = PBXFileReference; lastKnownFileType = file.storyboard; name = Base; path = Base.lproj/Main.storyboard; sourceTree = "<group>"; };
		A45FFC6421D4DA69003AE435 /* Assets.xcassets */ = {isa = PBXFileReference; lastKnownFileType = folder.assetcatalog; path = Assets.xcassets; sourceTree = "<group>"; };
		A45FFC6721D4DA69003AE435 /* Base */ = {isa = PBXFileReference; lastKnownFileType = file.storyboard; name = Base; path = Base.lproj/LaunchScreen.storyboard; sourceTree = "<group>"; };
		A45FFC6921D4DA69003AE435 /* Info.plist */ = {isa = PBXFileReference; lastKnownFileType = text.plist.xml; path = Info.plist; sourceTree = "<group>"; };
		A45FFC7121D4DA8C003AE435 /* WatchFace.app */ = {isa = PBXFileReference; explicitFileType = wrapper.application; includeInIndex = 0; path = WatchFace.app; sourceTree = BUILT_PRODUCTS_DIR; };
		A45FFC7421D4DA8C003AE435 /* Base */ = {isa = PBXFileReference; lastKnownFileType = file.storyboard; name = Base; path = Base.lproj/Interface.storyboard; sourceTree = "<group>"; };
		A45FFC7621D4DA8C003AE435 /* Assets.xcassets */ = {isa = PBXFileReference; lastKnownFileType = folder.assetcatalog; path = Assets.xcassets; sourceTree = "<group>"; };
		A45FFC7821D4DA8C003AE435 /* Info.plist */ = {isa = PBXFileReference; lastKnownFileType = text.plist.xml; path = Info.plist; sourceTree = "<group>"; };
		A45FFC7D21D4DA8C003AE435 /* WatchFace Extension.appex */ = {isa = PBXFileReference; explicitFileType = "wrapper.app-extension"; includeInIndex = 0; path = "WatchFace Extension.appex"; sourceTree = BUILT_PRODUCTS_DIR; };
		A45FFC8221D4DA8D003AE435 /* InterfaceController.swift */ = {isa = PBXFileReference; lastKnownFileType = sourcecode.swift; path = InterfaceController.swift; sourceTree = "<group>"; };
		A45FFC8621D4DA8D003AE435 /* ExtensionDelegate.swift */ = {isa = PBXFileReference; lastKnownFileType = sourcecode.swift; path = ExtensionDelegate.swift; sourceTree = "<group>"; };
		A45FFC8821D4DA8D003AE435 /* Assets.xcassets */ = {isa = PBXFileReference; lastKnownFileType = folder.assetcatalog; path = Assets.xcassets; sourceTree = "<group>"; };
		A45FFC8A21D4DA8D003AE435 /* Info.plist */ = {isa = PBXFileReference; lastKnownFileType = text.plist.xml; path = Info.plist; sourceTree = "<group>"; };
		A45FFC9621D4DB3D003AE435 /* WatchScene.sks */ = {isa = PBXFileReference; lastKnownFileType = file.sks; path = WatchScene.sks; sourceTree = "<group>"; };
		A45FFC9821D4DB4B003AE435 /* WatchScene.swift */ = {isa = PBXFileReference; lastKnownFileType = sourcecode.swift; path = WatchScene.swift; sourceTree = "<group>"; };
		A48A8B1621DBE50B00B608B5 /* WatchSettings.swift */ = {isa = PBXFileReference; lastKnownFileType = sourcecode.swift; path = WatchSettings.swift; sourceTree = "<group>"; };
		A48A8B1821DBE57500B608B5 /* WatchSettingsManager.swift */ = {isa = PBXFileReference; lastKnownFileType = sourcecode.swift; path = WatchSettingsManager.swift; sourceTree = "<group>"; };
/* End PBXFileReference section */

/* Begin PBXFrameworksBuildPhase section */
		A45FFC5721D4DA67003AE435 /* Frameworks */ = {
			isa = PBXFrameworksBuildPhase;
			buildActionMask = 2147483647;
			files = (
			);
			runOnlyForDeploymentPostprocessing = 0;
		};
		A45FFC7A21D4DA8C003AE435 /* Frameworks */ = {
			isa = PBXFrameworksBuildPhase;
			buildActionMask = 2147483647;
			files = (
			);
			runOnlyForDeploymentPostprocessing = 0;
		};
/* End PBXFrameworksBuildPhase section */

/* Begin PBXGroup section */
		A406946F21DCED740023BCDB /* Watches */ = {
			isa = PBXGroup;
			children = (
				A48A8B1621DBE50B00B608B5 /* WatchSettings.swift */,
				A48A8B1821DBE57500B608B5 /* WatchSettingsManager.swift */,
			);
			path = Watches;
			sourceTree = "<group>";
		};
		A45FFC5121D4DA67003AE435 = {
			isa = PBXGroup;
			children = (
				A45FFC5C21D4DA67003AE435 /* AutoWatchFaces */,
				A45FFC7221D4DA8C003AE435 /* WatchFace */,
				A406946F21DCED740023BCDB /* Watches */,
				A45FFC8121D4DA8D003AE435 /* WatchFace Extension */,
				A45FFC5B21D4DA67003AE435 /* Products */,
			);
			sourceTree = "<group>";
		};
		A45FFC5B21D4DA67003AE435 /* Products */ = {
			isa = PBXGroup;
			children = (
				A45FFC5A21D4DA67003AE435 /* AutoWatchFaces.app */,
				A45FFC7121D4DA8C003AE435 /* WatchFace.app */,
				A45FFC7D21D4DA8C003AE435 /* WatchFace Extension.appex */,
			);
			name = Products;
			sourceTree = "<group>";
		};
		A45FFC5C21D4DA67003AE435 /* AutoWatchFaces */ = {
			isa = PBXGroup;
			children = (
				A45FFC5D21D4DA67003AE435 /* AppDelegate.swift */,
				A45FFC5F21D4DA67003AE435 /* ViewController.swift */,
				A45FFC6121D4DA67003AE435 /* Main.storyboard */,
				A45FFC6421D4DA69003AE435 /* Assets.xcassets */,
				A45FFC6621D4DA69003AE435 /* LaunchScreen.storyboard */,
				A45FFC6921D4DA69003AE435 /* Info.plist */,
			);
			path = AutoWatchFaces;
			sourceTree = "<group>";
		};
		A45FFC7221D4DA8C003AE435 /* WatchFace */ = {
			isa = PBXGroup;
			children = (
				A45FFC7321D4DA8C003AE435 /* Interface.storyboard */,
				A45FFC7621D4DA8C003AE435 /* Assets.xcassets */,
				A45FFC7821D4DA8C003AE435 /* Info.plist */,
			);
			path = WatchFace;
			sourceTree = "<group>";
		};
		A45FFC8121D4DA8D003AE435 /* WatchFace Extension */ = {
			isa = PBXGroup;
			children = (
				A45FFC8221D4DA8D003AE435 /* InterfaceController.swift */,
				A45FFC9621D4DB3D003AE435 /* WatchScene.sks */,
				A45FFC9821D4DB4B003AE435 /* WatchScene.swift */,
				A45FFC8621D4DA8D003AE435 /* ExtensionDelegate.swift */,
				A45FFC8821D4DA8D003AE435 /* Assets.xcassets */,
				A45FFC8A21D4DA8D003AE435 /* Info.plist */,
			);
			path = "WatchFace Extension";
			sourceTree = "<group>";
		};
/* End PBXGroup section */

/* Begin PBXNativeTarget section */
		A45FFC5921D4DA67003AE435 /* AutoWatchFaces */ = {
			isa = PBXNativeTarget;
			buildConfigurationList = A45FFC6C21D4DA69003AE435 /* Build configuration list for PBXNativeTarget "AutoWatchFaces" */;
			buildPhases = (
				A45FFC5621D4DA67003AE435 /* Sources */,
				A45FFC5721D4DA67003AE435 /* Frameworks */,
				A45FFC5821D4DA67003AE435 /* Resources */,
				A45FFC9521D4DA8D003AE435 /* Embed Watch Content */,
			);
			buildRules = (
			);
			dependencies = (
				A45FFC8C21D4DA8D003AE435 /* PBXTargetDependency */,
			);
			name = AutoWatchFaces;
			productName = AutoWatchFaces;
			productReference = A45FFC5A21D4DA67003AE435 /* AutoWatchFaces.app */;
			productType = "com.apple.product-type.application";
		};
		A45FFC7021D4DA8C003AE435 /* WatchFace */ = {
			isa = PBXNativeTarget;
			buildConfigurationList = A45FFC9221D4DA8D003AE435 /* Build configuration list for PBXNativeTarget "WatchFace" */;
			buildPhases = (
				A45FFC6F21D4DA8C003AE435 /* Resources */,
				A45FFC9121D4DA8D003AE435 /* Embed App Extensions */,
			);
			buildRules = (
			);
			dependencies = (
				A45FFC8021D4DA8D003AE435 /* PBXTargetDependency */,
			);
			name = WatchFace;
			productName = WatchFace;
			productReference = A45FFC7121D4DA8C003AE435 /* WatchFace.app */;
			productType = "com.apple.product-type.application.watchapp2";
		};
		A45FFC7C21D4DA8C003AE435 /* WatchFace Extension */ = {
			isa = PBXNativeTarget;
			buildConfigurationList = A45FFC8E21D4DA8D003AE435 /* Build configuration list for PBXNativeTarget "WatchFace Extension" */;
			buildPhases = (
				A45FFC7921D4DA8C003AE435 /* Sources */,
				A45FFC7A21D4DA8C003AE435 /* Frameworks */,
				A45FFC7B21D4DA8C003AE435 /* Resources */,
			);
			buildRules = (
			);
			dependencies = (
			);
			name = "WatchFace Extension";
			productName = "WatchFace Extension";
			productReference = A45FFC7D21D4DA8C003AE435 /* WatchFace Extension.appex */;
			productType = "com.apple.product-type.watchkit2-extension";
		};
/* End PBXNativeTarget section */

/* Begin PBXProject section */
		A45FFC5221D4DA67003AE435 /* Project object */ = {
			isa = PBXProject;
			attributes = {
				LastSwiftUpdateCheck = 1010;
				LastUpgradeCheck = 1010;
				ORGANIZATIONNAME = "Sylvain Guillier";
				TargetAttributes = {
					A45FFC5921D4DA67003AE435 = {
						CreatedOnToolsVersion = 10.1;
					};
					A45FFC7021D4DA8C003AE435 = {
						CreatedOnToolsVersion = 10.1;
					};
					A45FFC7C21D4DA8C003AE435 = {
						CreatedOnToolsVersion = 10.1;
					};
				};
			};
			buildConfigurationList = A45FFC5521D4DA67003AE435 /* Build configuration list for PBXProject "AutoWatchFaces" */;
			compatibilityVersion = "Xcode 9.3";
			developmentRegion = en;
			hasScannedForEncodings = 0;
			knownRegions = (
				en,
				Base,
			);
			mainGroup = A45FFC5121D4DA67003AE435;
			productRefGroup = A45FFC5B21D4DA67003AE435 /* Products */;
			projectDirPath = "";
			projectRoot = "";
			targets = (
				A45FFC5921D4DA67003AE435 /* AutoWatchFaces */,
				A45FFC7021D4DA8C003AE435 /* WatchFace */,
				A45FFC7C21D4DA8C003AE435 /* WatchFace Extension */,
			);
		};
/* End PBXProject section */

/* Begin PBXResourcesBuildPhase section */
		A45FFC5821D4DA67003AE435 /* Resources */ = {
			isa = PBXResourcesBuildPhase;
			buildActionMask = 2147483647;
			files = (
				A45FFC6821D4DA69003AE435 /* LaunchScreen.storyboard in Resources */,
				A45FFC6521D4DA69003AE435 /* Assets.xcassets in Resources */,
				A406947021DCF6D60023BCDB /* Assets.xcassets in Resources */,
				A45FFC6321D4DA67003AE435 /* Main.storyboard in Resources */,
			);
			runOnlyForDeploymentPostprocessing = 0;
		};
		A45FFC6F21D4DA8C003AE435 /* Resources */ = {
			isa = PBXResourcesBuildPhase;
			buildActionMask = 2147483647;
			files = (
				A45FFC7721D4DA8C003AE435 /* Assets.xcassets in Resources */,
				A45FFC7521D4DA8C003AE435 /* Interface.storyboard in Resources */,
			);
			runOnlyForDeploymentPostprocessing = 0;
		};
		A45FFC7B21D4DA8C003AE435 /* Resources */ = {
			isa = PBXResourcesBuildPhase;
			buildActionMask = 2147483647;
			files = (
				A45FFC9721D4DB3D003AE435 /* WatchScene.sks in Resources */,
				A45FFC8921D4DA8D003AE435 /* Assets.xcassets in Resources */,
			);
			runOnlyForDeploymentPostprocessing = 0;
		};
/* End PBXResourcesBuildPhase section */

/* Begin PBXSourcesBuildPhase section */
		A45FFC5621D4DA67003AE435 /* Sources */ = {
			isa = PBXSourcesBuildPhase;
			buildActionMask = 2147483647;
			files = (
				A406946C21DCE6F90023BCDB /* WatchSettingsManager.swift in Sources */,
				A45FFC6021D4DA67003AE435 /* ViewController.swift in Sources */,
				A406946B21DCE6F70023BCDB /* WatchSettings.swift in Sources */,
				A45FFC5E21D4DA67003AE435 /* AppDelegate.swift in Sources */,
			);
			runOnlyForDeploymentPostprocessing = 0;
		};
		A45FFC7921D4DA8C003AE435 /* Sources */ = {
			isa = PBXSourcesBuildPhase;
			buildActionMask = 2147483647;
			files = (
				A48A8B1921DBE57500B608B5 /* WatchSettingsManager.swift in Sources */,
				A45FFC8721D4DA8D003AE435 /* ExtensionDelegate.swift in Sources */,
				A45FFC9921D4DB4B003AE435 /* WatchScene.swift in Sources */,
				A48A8B1721DBE50B00B608B5 /* WatchSettings.swift in Sources */,
				A45FFC8321D4DA8D003AE435 /* InterfaceController.swift in Sources */,
			);
			runOnlyForDeploymentPostprocessing = 0;
		};
/* End PBXSourcesBuildPhase section */

/* Begin PBXTargetDependency section */
		A45FFC8021D4DA8D003AE435 /* PBXTargetDependency */ = {
			isa = PBXTargetDependency;
			target = A45FFC7C21D4DA8C003AE435 /* WatchFace Extension */;
			targetProxy = A45FFC7F21D4DA8D003AE435 /* PBXContainerItemProxy */;
		};
		A45FFC8C21D4DA8D003AE435 /* PBXTargetDependency */ = {
			isa = PBXTargetDependency;
			target = A45FFC7021D4DA8C003AE435 /* WatchFace */;
			targetProxy = A45FFC8B21D4DA8D003AE435 /* PBXContainerItemProxy */;
		};
/* End PBXTargetDependency section */

/* Begin PBXVariantGroup section */
		A45FFC6121D4DA67003AE435 /* Main.storyboard */ = {
			isa = PBXVariantGroup;
			children = (
				A45FFC6221D4DA67003AE435 /* Base */,
			);
			name = Main.storyboard;
			sourceTree = "<group>";
		};
		A45FFC6621D4DA69003AE435 /* LaunchScreen.storyboard */ = {
			isa = PBXVariantGroup;
			children = (
				A45FFC6721D4DA69003AE435 /* Base */,
			);
			name = LaunchScreen.storyboard;
			sourceTree = "<group>";
		};
		A45FFC7321D4DA8C003AE435 /* Interface.storyboard */ = {
			isa = PBXVariantGroup;
			children = (
				A45FFC7421D4DA8C003AE435 /* Base */,
			);
			name = Interface.storyboard;
			sourceTree = "<group>";
		};
/* End PBXVariantGroup section */

/* Begin XCBuildConfiguration section */
		A45FFC6A21D4DA69003AE435 /* Debug */ = {
			isa = XCBuildConfiguration;
			buildSettings = {
				ALWAYS_SEARCH_USER_PATHS = NO;
				CLANG_ANALYZER_NONNULL = YES;
				CLANG_ANALYZER_NUMBER_OBJECT_CONVERSION = YES_AGGRESSIVE;
				CLANG_CXX_LANGUAGE_STANDARD = "gnu++14";
				CLANG_CXX_LIBRARY = "libc++";
				CLANG_ENABLE_MODULES = YES;
				CLANG_ENABLE_OBJC_ARC = YES;
				CLANG_ENABLE_OBJC_WEAK = YES;
				CLANG_WARN_BLOCK_CAPTURE_AUTORELEASING = YES;
				CLANG_WARN_BOOL_CONVERSION = YES;
				CLANG_WARN_COMMA = YES;
				CLANG_WARN_CONSTANT_CONVERSION = YES;
				CLANG_WARN_DEPRECATED_OBJC_IMPLEMENTATIONS = YES;
				CLANG_WARN_DIRECT_OBJC_ISA_USAGE = YES_ERROR;
				CLANG_WARN_DOCUMENTATION_COMMENTS = YES;
				CLANG_WARN_EMPTY_BODY = YES;
				CLANG_WARN_ENUM_CONVERSION = YES;
				CLANG_WARN_INFINITE_RECURSION = YES;
				CLANG_WARN_INT_CONVERSION = YES;
				CLANG_WARN_NON_LITERAL_NULL_CONVERSION = YES;
				CLANG_WARN_OBJC_IMPLICIT_RETAIN_SELF = YES;
				CLANG_WARN_OBJC_LITERAL_CONVERSION = YES;
				CLANG_WARN_OBJC_ROOT_CLASS = YES_ERROR;
				CLANG_WARN_RANGE_LOOP_ANALYSIS = YES;
				CLANG_WARN_STRICT_PROTOTYPES = YES;
				CLANG_WARN_SUSPICIOUS_MOVE = YES;
				CLANG_WARN_UNGUARDED_AVAILABILITY = YES_AGGRESSIVE;
				CLANG_WARN_UNREACHABLE_CODE = YES;
				CLANG_WARN__DUPLICATE_METHOD_MATCH = YES;
				CODE_SIGN_IDENTITY = "iPhone Developer";
				COPY_PHASE_STRIP = NO;
				DEBUG_INFORMATION_FORMAT = dwarf;
				ENABLE_STRICT_OBJC_MSGSEND = YES;
				ENABLE_TESTABILITY = YES;
				GCC_C_LANGUAGE_STANDARD = gnu11;
				GCC_DYNAMIC_NO_PIC = NO;
				GCC_NO_COMMON_BLOCKS = YES;
				GCC_OPTIMIZATION_LEVEL = 0;
				GCC_PREPROCESSOR_DEFINITIONS = (
					"DEBUG=1",
					"$(inherited)",
				);
				GCC_WARN_64_TO_32_BIT_CONVERSION = YES;
				GCC_WARN_ABOUT_RETURN_TYPE = YES_ERROR;
				GCC_WARN_UNDECLARED_SELECTOR = YES;
				GCC_WARN_UNINITIALIZED_AUTOS = YES_AGGRESSIVE;
				GCC_WARN_UNUSED_FUNCTION = YES;
				GCC_WARN_UNUSED_VARIABLE = YES;
				IPHONEOS_DEPLOYMENT_TARGET = 12.1;
				MTL_ENABLE_DEBUG_INFO = INCLUDE_SOURCE;
				MTL_FAST_MATH = YES;
				ONLY_ACTIVE_ARCH = YES;
				SDKROOT = iphoneos;
				SWIFT_ACTIVE_COMPILATION_CONDITIONS = DEBUG;
				SWIFT_OPTIMIZATION_LEVEL = "-Onone";
			};
			name = Debug;
		};
		A45FFC6B21D4DA69003AE435 /* Release */ = {
			isa = XCBuildConfiguration;
			buildSettings = {
				ALWAYS_SEARCH_USER_PATHS = NO;
				CLANG_ANALYZER_NONNULL = YES;
				CLANG_ANALYZER_NUMBER_OBJECT_CONVERSION = YES_AGGRESSIVE;
				CLANG_CXX_LANGUAGE_STANDARD = "gnu++14";
				CLANG_CXX_LIBRARY = "libc++";
				CLANG_ENABLE_MODULES = YES;
				CLANG_ENABLE_OBJC_ARC = YES;
				CLANG_ENABLE_OBJC_WEAK = YES;
				CLANG_WARN_BLOCK_CAPTURE_AUTORELEASING = YES;
				CLANG_WARN_BOOL_CONVERSION = YES;
				CLANG_WARN_COMMA = YES;
				CLANG_WARN_CONSTANT_CONVERSION = YES;
				CLANG_WARN_DEPRECATED_OBJC_IMPLEMENTATIONS = YES;
				CLANG_WARN_DIRECT_OBJC_ISA_USAGE = YES_ERROR;
				CLANG_WARN_DOCUMENTATION_COMMENTS = YES;
				CLANG_WARN_EMPTY_BODY = YES;
				CLANG_WARN_ENUM_CONVERSION = YES;
				CLANG_WARN_INFINITE_RECURSION = YES;
				CLANG_WARN_INT_CONVERSION = YES;
				CLANG_WARN_NON_LITERAL_NULL_CONVERSION = YES;
				CLANG_WARN_OBJC_IMPLICIT_RETAIN_SELF = YES;
				CLANG_WARN_OBJC_LITERAL_CONVERSION = YES;
				CLANG_WARN_OBJC_ROOT_CLASS = YES_ERROR;
				CLANG_WARN_RANGE_LOOP_ANALYSIS = YES;
				CLANG_WARN_STRICT_PROTOTYPES = YES;
				CLANG_WARN_SUSPICIOUS_MOVE = YES;
				CLANG_WARN_UNGUARDED_AVAILABILITY = YES_AGGRESSIVE;
				CLANG_WARN_UNREACHABLE_CODE = YES;
				CLANG_WARN__DUPLICATE_METHOD_MATCH = YES;
				CODE_SIGN_IDENTITY = "iPhone Developer";
				COPY_PHASE_STRIP = NO;
				DEBUG_INFORMATION_FORMAT = "dwarf-with-dsym";
				ENABLE_NS_ASSERTIONS = NO;
				ENABLE_STRICT_OBJC_MSGSEND = YES;
				GCC_C_LANGUAGE_STANDARD = gnu11;
				GCC_NO_COMMON_BLOCKS = YES;
				GCC_WARN_64_TO_32_BIT_CONVERSION = YES;
				GCC_WARN_ABOUT_RETURN_TYPE = YES_ERROR;
				GCC_WARN_UNDECLARED_SELECTOR = YES;
				GCC_WARN_UNINITIALIZED_AUTOS = YES_AGGRESSIVE;
				GCC_WARN_UNUSED_FUNCTION = YES;
				GCC_WARN_UNUSED_VARIABLE = YES;
				IPHONEOS_DEPLOYMENT_TARGET = 12.1;
				MTL_ENABLE_DEBUG_INFO = NO;
				MTL_FAST_MATH = YES;
				SDKROOT = iphoneos;
				SWIFT_COMPILATION_MODE = wholemodule;
				SWIFT_OPTIMIZATION_LEVEL = "-O";
				VALIDATE_PRODUCT = YES;
			};
			name = Release;
		};
		A45FFC6D21D4DA69003AE435 /* Debug */ = {
			isa = XCBuildConfiguration;
			buildSettings = {
				ASSETCATALOG_COMPILER_APPICON_NAME = AppIcon;
				CODE_SIGN_IDENTITY = "iPhone Developer";
				CODE_SIGN_STYLE = Automatic;
				DEVELOPMENT_TEAM = B36TV8BA3C;
				INFOPLIST_FILE = AutoWatchFaces/Info.plist;
				IPHONEOS_DEPLOYMENT_TARGET = 12.0;
				LD_RUNPATH_SEARCH_PATHS = (
					"$(inherited)",
					"@executable_path/Frameworks",
				);
				PRODUCT_BUNDLE_IDENTIFIER = SylvainGuillier.AutoWatchFaces;
				PRODUCT_NAME = "$(TARGET_NAME)";
				PROVISIONING_PROFILE_SPECIFIER = "";
				SWIFT_VERSION = 4.2;
				TARGETED_DEVICE_FAMILY = "1,2";
			};
			name = Debug;
		};
		A45FFC6E21D4DA69003AE435 /* Release */ = {
			isa = XCBuildConfiguration;
			buildSettings = {
				ASSETCATALOG_COMPILER_APPICON_NAME = AppIcon;
				CODE_SIGN_IDENTITY = "iPhone Developer";
				CODE_SIGN_STYLE = Automatic;
				DEVELOPMENT_TEAM = B36TV8BA3C;
				INFOPLIST_FILE = AutoWatchFaces/Info.plist;
				IPHONEOS_DEPLOYMENT_TARGET = 12.0;
				LD_RUNPATH_SEARCH_PATHS = (
					"$(inherited)",
					"@executable_path/Frameworks",
				);
				PRODUCT_BUNDLE_IDENTIFIER = SylvainGuillier.AutoWatchFaces;
				PRODUCT_NAME = "$(TARGET_NAME)";
				PROVISIONING_PROFILE_SPECIFIER = "";
				SWIFT_VERSION = 4.2;
				TARGETED_DEVICE_FAMILY = "1,2";
			};
			name = Release;
		};
		A45FFC8F21D4DA8D003AE435 /* Debug */ = {
			isa = XCBuildConfiguration;
			buildSettings = {
				ASSETCATALOG_COMPILER_COMPLICATION_NAME = Complication;
				CODE_SIGN_STYLE = Automatic;
				DEVELOPMENT_TEAM = B36TV8BA3C;
				INFOPLIST_FILE = "WatchFace Extension/Info.plist";
				LD_RUNPATH_SEARCH_PATHS = (
					"$(inherited)",
					"@executable_path/Frameworks",
					"@executable_path/../../Frameworks",
				);
				PRODUCT_BUNDLE_IDENTIFIER = SylvainGuillier.AutoWatchFaces.watchkitapp.watchkitextension;
				PRODUCT_NAME = "${TARGET_NAME}";
				SDKROOT = watchos;
				SKIP_INSTALL = YES;
				SWIFT_VERSION = 4.2;
				TARGETED_DEVICE_FAMILY = 4;
				WATCHOS_DEPLOYMENT_TARGET = 5.1;
			};
			name = Debug;
		};
		A45FFC9021D4DA8D003AE435 /* Release */ = {
			isa = XCBuildConfiguration;
			buildSettings = {
				ASSETCATALOG_COMPILER_COMPLICATION_NAME = Complication;
				CODE_SIGN_STYLE = Automatic;
				DEVELOPMENT_TEAM = B36TV8BA3C;
				INFOPLIST_FILE = "WatchFace Extension/Info.plist";
				LD_RUNPATH_SEARCH_PATHS = (
					"$(inherited)",
					"@executable_path/Frameworks",
					"@executable_path/../../Frameworks",
				);
				PRODUCT_BUNDLE_IDENTIFIER = SylvainGuillier.AutoWatchFaces.watchkitapp.watchkitextension;
				PRODUCT_NAME = "${TARGET_NAME}";
				SDKROOT = watchos;
				SKIP_INSTALL = YES;
				SWIFT_VERSION = 4.2;
				TARGETED_DEVICE_FAMILY = 4;
				WATCHOS_DEPLOYMENT_TARGET = 5.1;
			};
			name = Release;
		};
		A45FFC9321D4DA8D003AE435 /* Debug */ = {
			isa = XCBuildConfiguration;
			buildSettings = {
				ALWAYS_EMBED_SWIFT_STANDARD_LIBRARIES = YES;
				ASSETCATALOG_COMPILER_APPICON_NAME = AppIcon;
				CODE_SIGN_STYLE = Automatic;
				DEVELOPMENT_TEAM = B36TV8BA3C;
				IBSC_MODULE = WatchFace_Extension;
				INFOPLIST_FILE = WatchFace/Info.plist;
				PRODUCT_BUNDLE_IDENTIFIER = SylvainGuillier.AutoWatchFaces.watchkitapp;
				PRODUCT_NAME = "$(TARGET_NAME)";
				SDKROOT = watchos;
				SKIP_INSTALL = YES;
				SWIFT_VERSION = 4.2;
				TARGETED_DEVICE_FAMILY = 4;
				WATCHOS_DEPLOYMENT_TARGET = 5.1;
			};
			name = Debug;
		};
		A45FFC9421D4DA8D003AE435 /* Release */ = {
			isa = XCBuildConfiguration;
			buildSettings = {
				ALWAYS_EMBED_SWIFT_STANDARD_LIBRARIES = YES;
				ASSETCATALOG_COMPILER_APPICON_NAME = AppIcon;
				CODE_SIGN_STYLE = Automatic;
				DEVELOPMENT_TEAM = B36TV8BA3C;
				IBSC_MODULE = WatchFace_Extension;
				INFOPLIST_FILE = WatchFace/Info.plist;
				PRODUCT_BUNDLE_IDENTIFIER = SylvainGuillier.AutoWatchFaces.watchkitapp;
				PRODUCT_NAME = "$(TARGET_NAME)";
				SDKROOT = watchos;
				SKIP_INSTALL = YES;
				SWIFT_VERSION = 4.2;
				TARGETED_DEVICE_FAMILY = 4;
				WATCHOS_DEPLOYMENT_TARGET = 5.1;
			};
			name = Release;
		};
/* End XCBuildConfiguration section */

/* Begin XCConfigurationList section */
		A45FFC5521D4DA67003AE435 /* Build configuration list for PBXProject "AutoWatchFaces" */ = {
			isa = XCConfigurationList;
			buildConfigurations = (
				A45FFC6A21D4DA69003AE435 /* Debug */,
				A45FFC6B21D4DA69003AE435 /* Release */,
			);
			defaultConfigurationIsVisible = 0;
			defaultConfigurationName = Release;
		};
		A45FFC6C21D4DA69003AE435 /* Build configuration list for PBXNativeTarget "AutoWatchFaces" */ = {
			isa = XCConfigurationList;
			buildConfigurations = (
				A45FFC6D21D4DA69003AE435 /* Debug */,
				A45FFC6E21D4DA69003AE435 /* Release */,
			);
			defaultConfigurationIsVisible = 0;
			defaultConfigurationName = Release;
		};
		A45FFC8E21D4DA8D003AE435 /* Build configuration list for PBXNativeTarget "WatchFace Extension" */ = {
			isa = XCConfigurationList;
			buildConfigurations = (
				A45FFC8F21D4DA8D003AE435 /* Debug */,
				A45FFC9021D4DA8D003AE435 /* Release */,
			);
			defaultConfigurationIsVisible = 0;
			defaultConfigurationName = Release;
		};
		A45FFC9221D4DA8D003AE435 /* Build configuration list for PBXNativeTarget "WatchFace" */ = {
			isa = XCConfigurationList;
			buildConfigurations = (
				A45FFC9321D4DA8D003AE435 /* Debug */,
				A45FFC9421D4DA8D003AE435 /* Release */,
			);
			defaultConfigurationIsVisible = 0;
			defaultConfigurationName = Release;
		};
/* End XCConfigurationList section */
	};
	rootObject = A45FFC5221D4DA67003AE435 /* Project object */;
}
